<?xml version="1.0" encoding="UTF-8" standalone="yes" ?>
<CodeBlocks_project_file>
	<FileVersion major="1" minor="6" />
	<Project>
		<Option title="pong_project" />
		<Option pch_mode="2" />
		<Option compiler="gcc" />
		<Build>
			<Target title="Debug">
				<Option output="bin/Debug/pong_project" prefix_auto="1" extension_auto="1" />
				<Option object_output="obj/Debug/" />
				<Option type="1" />
				<Option compiler="gcc" />
				<Compiler>
					<Add option="-g" />
					<Add directory="../pong_project" />
				</Compiler>
				<Linker>
					<Add library="../test/lib/SDL_ttf.lib" />
				</Linker>
			</Target>
			<Target title="Release">
				<Option output="bin/Release/pong_project" prefix_auto="1" extension_auto="1" />
				<Option object_output="obj/Release/" />
				<Option type="0" />
				<Option compiler="gcc" />
				<Compiler>
					<Add option="-O2" />
				</Compiler>
				<Linker>
					<Add option="-s" />
				</Linker>
			</Target>
		</Build>
		<Compiler>
			<Add option="-Wall" />
			<Add directory="d:/Userfiles/abouabid/Desktop/Pong/my_project/sdl 1.2/SDL-devel-1.2.15-mingw32.tar/SDL-devel-1.2.15-mingw32/SDL-1.2.15/include" />
		</Compiler>
		<Linker>
			<Add library="mingw32" />
			<Add library="SDLmain" />
			<Add library="SDL.dll" />
			<Add library="user32" />
			<Add library="gdi32" />
			<Add library="winmm" />
			<Add library="dxguid" />
			<Add directory="d:/Userfiles/abouabid/Desktop/Pong/my_project/sdl 1.2/SDL-devel-1.2.15-mingw32.tar/SDL-devel-1.2.15-mingw32/SDL-1.2.15/lib" />
		</Linker>
		<Unit filename="controle.c">
			<Option compilerVar="CC" />
		</Unit>
		<Unit filename="game.c">
			<Option compilerVar="CC" />
		</Unit>
		<Unit filename="main.c">
			<Option compilerVar="CC" />
		</Unit>
		<Unit filename="texttest.c">
			<Option compilerVar="CC" />
		</Unit>
		<Unit filename="view.c">
			<Option compilerVar="CC" />
		</Unit>
		<Unit filename="view.h" />
		<Extensions>
			<code_completion />
			<envvars />
			<debugger />
			<lib_finder disable_auto="1" />
		</Extensions>
	</Project>
</CodeBlocks_project_file>
